// !$*UTF8*$!
{
	archiveVersion = 1;
	classes = {
	};
	objectVersion = 46;
	objects = {

/* Begin PBXBuildFile section */
		931087861BC4B349005A0345 /* AppDelegate.swift in Sources */ = {isa = PBXBuildFile; fileRef = 931087851BC4B349005A0345 /* AppDelegate.swift */; };
		931087881BC4B349005A0345 /* ViewController.swift in Sources */ = {isa = PBXBuildFile; fileRef = 931087871BC4B349005A0345 /* ViewController.swift */; };
		9310878B1BC4B349005A0345 /* Main.storyboard in Resources */ = {isa = PBXBuildFile; fileRef = 931087891BC4B349005A0345 /* Main.storyboard */; };
		9310878D1BC4B349005A0345 /* Assets.xcassets in Resources */ = {isa = PBXBuildFile; fileRef = 9310878C1BC4B349005A0345 /* Assets.xcassets */; };
		931087901BC4B349005A0345 /* LaunchScreen.storyboard in Resources */ = {isa = PBXBuildFile; fileRef = 9310878E1BC4B349005A0345 /* LaunchScreen.storyboard */; };
/* End PBXBuildFile section */

/* Begin PBXFileReference section */
		931087821BC4B349005A0345 /* multiProject1.app */ = {isa = PBXFileReference; explicitFileType = wrapper.application; includeInIndex = 0; path = multiProject1.app; sourceTree = BUILT_PRODUCTS_DIR; };
		931087851BC4B349005A0345 /* AppDelegate.swift */ = {isa = PBXFileReference; lastKnownFileType = sourcecode.swift; path = AppDelegate.swift; sourceTree = "<group>"; };
		931087871BC4B349005A0345 /* ViewController.swift */ = {isa = PBXFileReference; lastKnownFileType = sourcecode.swift; path = ViewController.swift; sourceTree = "<group>"; };
		9310878A1BC4B349005A0345 /* Base */ = {isa = PBXFileReference; lastKnownFileType = file.storyboard; name = Base; path = Base.lproj/Main.storyboard; sourceTree = "<group>"; };
		9310878C1BC4B349005A0345 /* Assets.xcassets */ = {isa = PBXFileReference; lastKnownFileType = folder.assetcatalog; path = Assets.xcassets; sourceTree = "<group>"; };
		9310878F1BC4B349005A0345 /* Base */ = {isa = PBXFileReference; lastKnownFileType = file.storyboard; name = Base; path = Base.lproj/LaunchScreen.storyboard; sourceTree = "<group>"; };
		931087911BC4B349005A0345 /* Info.plist */ = {isa = PBXFileReference; lastKnownFileType = text.plist.xml; path = Info.plist; sourceTree = "<group>"; };
/* End PBXFileReference section */

/* Begin PBXFrameworksBuildPhase section */
		9310877F1BC4B348005A0345 /* Frameworks */ = {
			isa = PBXFrameworksBuildPhase;
			buildActionMask = 2147483647;
			files = (
			);
			runOnlyForDeploymentPostprocessing = 0;
		};
/* End PBXFrameworksBuildPhase section */

/* Begin PBXGroup section */
		931087791BC4B348005A0345 = {
			isa = PBXGroup;
			children = (
				931087841BC4B349005A0345 /* multiProject1 */,
				931087831BC4B349005A0345 /* Products */,
			);
			sourceTree = "<group>";
		};
		931087831BC4B349005A0345 /* Products */ = {
			isa = PBXGroup;
			children = (
				931087821BC4B349005A0345 /* multiProject1.app */,
			);
			name = Products;
			sourceTree = "<group>";
		};
		931087841BC4B349005A0345 /* multiProject1 */ = {
			isa = PBXGroup;
			children = (
				931087851BC4B349005A0345 /* AppDelegate.swift */,
				931087871BC4B349005A0345 /* ViewController.swift */,
				931087891BC4B349005A0345 /* Main.storyboard */,
				9310878C1BC4B349005A0345 /* Assets.xcassets */,
				9310878E1BC4B349005A0345 /* LaunchScreen.storyboard */,
				931087911BC4B349005A0345 /* Info.plist */,
			);
			path = multiProject1;
			sourceTree = "<group>";
		};
/* End PBXGroup section */

/* Begin PBXNativeTarget section */
		931087811BC4B348005A0345 /* multiProject1 */ = {
			isa = PBXNativeTarget;
			buildConfigurationList = 931087941BC4B349005A0345 /* Build configuration list for PBXNativeTarget "multiProject1" */;
			buildPhases = (
				9310877E1BC4B348005A0345 /* Sources */,
				9310877F1BC4B348005A0345 /* Frameworks */,
				931087801BC4B348005A0345 /* Resources */,
			);
			buildRules = (
			);
			dependencies = (
			);
			name = multiProject1;
			productName = multiProject1;
			productReference = 931087821BC4B349005A0345 /* multiProject1.app */;
			productType = "com.apple.product-type.application";
		};
/* End PBXNativeTarget section */

/* Begin PBXProject section */
		9310877A1BC4B348005A0345 /* Project object */ = {
			isa = PBXProject;
			attributes = {
				LastUpgradeCheck = 0700;
				ORGANIZATIONNAME = "J2ObjC Contrib";
				TargetAttributes = {
					931087811BC4B348005A0345 = {
						CreatedOnToolsVersion = 7.0.1;
					};
				};
			};
			buildConfigurationList = 9310877D1BC4B348005A0345 /* Build configuration list for PBXProject "multiProject1" */;
			compatibilityVersion = "Xcode 3.2";
			developmentRegion = English;
			hasScannedForEncodings = 0;
			knownRegions = (
				en,
				Base,
			);
			mainGroup = 931087791BC4B348005A0345;
			productRefGroup = 931087831BC4B349005A0345 /* Products */;
			projectDirPath = "";
			projectRoot = "";
			targets = (
				931087811BC4B348005A0345 /* multiProject1 */,
			);
		};
/* End PBXProject section */

/* Begin PBXResourcesBuildPhase section */
		931087801BC4B348005A0345 /* Resources */ = {
			isa = PBXResourcesBuildPhase;
			buildActionMask = 2147483647;
			files = (
				931087901BC4B349005A0345 /* LaunchScreen.storyboard in Resources */,
				9310878D1BC4B349005A0345 /* Assets.xcassets in Resources */,
				9310878B1BC4B349005A0345 /* Main.storyboard in Resources */,
			);
			runOnlyForDeploymentPostprocessing = 0;
		};
/* End PBXResourcesBuildPhase section */

/* Begin PBXSourcesBuildPhase section */
		9310877E1BC4B348005A0345 /* Sources */ = {
			isa = PBXSourcesBuildPhase;
			buildActionMask = 2147483647;
			files = (
				931087881BC4B349005A0345 /* ViewController.swift in Sources */,
				931087861BC4B349005A0345 /* AppDelegate.swift in Sources */,
			);
			runOnlyForDeploymentPostprocessing = 0;
		};
/* End PBXSourcesBuildPhase section */

/* Begin PBXVariantGroup section */
		931087891BC4B349005A0345 /* Main.storyboard */ = {
			isa = PBXVariantGroup;
			children = (
				9310878A1BC4B349005A0345 /* Base */,
			);
			name = Main.storyboard;
			sourceTree = "<group>";
		};
		9310878E1BC4B349005A0345 /* LaunchScreen.storyboard */ = {
			isa = PBXVariantGroup;
			children = (
				9310878F1BC4B349005A0345 /* Base */,
			);
			name = LaunchScreen.storyboard;
			sourceTree = "<group>";
		};
/* End PBXVariantGroup section */

/* Begin XCBuildConfiguration section */
		931087921BC4B349005A0345 /* Debug */ = {
			isa = XCBuildConfiguration;
			buildSettings = {
				ALWAYS_SEARCH_USER_PATHS = NO;
				CLANG_CXX_LANGUAGE_STANDARD = "gnu++0x";
				CLANG_CXX_LIBRARY = "libc++";
				CLANG_ENABLE_MODULES = YES;
				CLANG_ENABLE_OBJC_ARC = YES;
				CLANG_WARN_BOOL_CONVERSION = YES;
				CLANG_WARN_CONSTANT_CONVERSION = YES;
				CLANG_WARN_DIRECT_OBJC_ISA_USAGE = YES_ERROR;
				CLANG_WARN_EMPTY_BODY = YES;
				CLANG_WARN_ENUM_CONVERSION = YES;
				CLANG_WARN_INT_CONVERSION = YES;
				CLANG_WARN_OBJC_ROOT_CLASS = YES_ERROR;
				CLANG_WARN_UNREACHABLE_CODE = YES;
				CLANG_WARN__DUPLICATE_METHOD_MATCH = YES;
				"CODE_SIGN_IDENTITY[sdk=iphoneos*]" = "iPhone Developer";
				COPY_PHASE_STRIP = NO;
				DEBUG_INFORMATION_FORMAT = dwarf;
				ENABLE_STRICT_OBJC_MSGSEND = YES;
				ENABLE_TESTABILITY = YES;
				GCC_C_LANGUAGE_STANDARD = gnu99;
				GCC_DYNAMIC_NO_PIC = NO;
				GCC_NO_COMMON_BLOCKS = YES;
				GCC_OPTIMIZATION_LEVEL = 0;
				GCC_PREPROCESSOR_DEFINITIONS = (
					"DEBUG=1",
					"$(inherited)",
				);
				GCC_WARN_64_TO_32_BIT_CONVERSION = YES;
				GCC_WARN_ABOUT_RETURN_TYPE = YES_ERROR;
				GCC_WARN_UNDECLARED_SELECTOR = YES;
				GCC_WARN_UNINITIALIZED_AUTOS = YES_AGGRESSIVE;
				GCC_WARN_UNUSED_FUNCTION = YES;
				GCC_WARN_UNUSED_VARIABLE = YES;
				IPHONEOS_DEPLOYMENT_TARGET = 9.0;
				MTL_ENABLE_DEBUG_INFO = YES;
				ONLY_ACTIVE_ARCH = YES;
				SDKROOT = iphoneos;
				SWIFT_OPTIMIZATION_LEVEL = "-Onone";
				TARGETED_DEVICE_FAMILY = "1,2";
			};
			name = Debug;
		};
		931087931BC4B349005A0345 /* Release */ = {
			isa = XCBuildConfiguration;
			buildSettings = {
				ALWAYS_SEARCH_USER_PATHS = NO;
				CLANG_CXX_LANGUAGE_STANDARD = "gnu++0x";
				CLANG_CXX_LIBRARY = "libc++";
				CLANG_ENABLE_MODULES = YES;
				CLANG_ENABLE_OBJC_ARC = YES;
				CLANG_WARN_BOOL_CONVERSION = YES;
				CLANG_WARN_CONSTANT_CONVERSION = YES;
				CLANG_WARN_DIRECT_OBJC_ISA_USAGE = YES_ERROR;
				CLANG_WARN_EMPTY_BODY = YES;
				CLANG_WARN_ENUM_CONVERSION = YES;
				CLANG_WARN_INT_CONVERSION = YES;
				CLANG_WARN_OBJC_ROOT_CLASS = YES_ERROR;
				CLANG_WARN_UNREACHABLE_CODE = YES;
				CLANG_WARN__DUPLICATE_METHOD_MATCH = YES;
				"CODE_SIGN_IDENTITY[sdk=iphoneos*]" = "iPhone Developer";
				COPY_PHASE_STRIP = NO;
				DEBUG_INFORMATION_FORMAT = "dwarf-with-dsym";
				ENABLE_NS_ASSERTIONS = NO;
				ENABLE_STRICT_OBJC_MSGSEND = YES;
				GCC_C_LANGUAGE_STANDARD = gnu99;
				GCC_NO_COMMON_BLOCKS = YES;
				GCC_WARN_64_TO_32_BIT_CONVERSION = YES;
				GCC_WARN_ABOUT_RETURN_TYPE = YES_ERROR;
				GCC_WARN_UNDECLARED_SELECTOR = YES;
				GCC_WARN_UNINITIALIZED_AUTOS = YES_AGGRESSIVE;
				GCC_WARN_UNUSED_FUNCTION = YES;
				GCC_WARN_UNUSED_VARIABLE = YES;
				IPHONEOS_DEPLOYMENT_TARGET = 9.0;
				MTL_ENABLE_DEBUG_INFO = NO;
				SDKROOT = iphoneos;
				TARGETED_DEVICE_FAMILY = "1,2";
				VALIDATE_PRODUCT = YES;
			};
			name = Release;
		};
		931087951BC4B349005A0345 /* Debug */ = {
			isa = XCBuildConfiguration;
			buildSettings = {
				ASSETCATALOG_COMPILER_APPICON_NAME = AppIcon;
				INFOPLIST_FILE = multiProject1/Info.plist;
				LD_RUNPATH_SEARCH_PATHS = "$(inherited) @executable_path/Frameworks";
				PRODUCT_BUNDLE_IDENTIFIER = "com.github.j2objc-contrib.j2objc-gradle.multiProject1";
				PRODUCT_NAME = "$(TARGET_NAME)";
			};
			name = Debug;
		};
		931087961BC4B349005A0345 /* Release */ = {
			isa = XCBuildConfiguration;
			buildSettings = {
				ASSETCATALOG_COMPILER_APPICON_NAME = AppIcon;
				INFOPLIST_FILE = multiProject1/Info.plist;
				LD_RUNPATH_SEARCH_PATHS = "$(inherited) @executable_path/Frameworks";
				PRODUCT_BUNDLE_IDENTIFIER = "com.github.j2objc-contrib.j2objc-gradle.multiProject1";
				PRODUCT_NAME = "$(TARGET_NAME)";
			};
			name = Release;
		};
/* End XCBuildConfiguration section */

/* Begin XCConfigurationList section */
		9310877D1BC4B348005A0345 /* Build configuration list for PBXProject "multiProject1" */ = {
			isa = XCConfigurationList;
			buildConfigurations = (
				931087921BC4B349005A0345 /* Debug */,
				931087931BC4B349005A0345 /* Release */,
			);
			defaultConfigurationIsVisible = 0;
			defaultConfigurationName = Release;
		};
		931087941BC4B349005A0345 /* Build configuration list for PBXNativeTarget "multiProject1" */ = {
			isa = XCConfigurationList;
			buildConfigurations = (
				931087951BC4B349005A0345 /* Debug */,
				931087961BC4B349005A0345 /* Release */,
			);
			defaultConfigurationIsVisible = 0;
		};
/* End XCConfigurationList section */
	};
	rootObject = 9310877A1BC4B348005A0345 /* Project object */;
}
