PODS:
  - j2objc-simple1-debug (1.0)
  - j2objc-simple1-release (1.0)

DEPENDENCIES:
  - j2objc-simple1-debug (from `../../build`)
  - j2objc-simple1-release (from `../../build`)

EXTERNAL SOURCES:
  j2objc-simple1-debug:
    :path: ../../build
  j2objc-simple1-release:
    :path: ../../build

SPEC CHECKSUMS:
  j2objc-simple1-debug: 6dc48a1eca05203db6c088f2aa69b0460feb6f4d
  j2objc-simple1-release: aba723f10e1f2350395df7d3d52ed6345a716100

COCOAPODS: 0.39.0
